
Microsoft Visual Studio Solution File, Format Version 12.00
# Visual Studio Version 17
VisualStudioVersion = 17.5.002.0
MinimumVisualStudioVersion = 10.0.40219.1
Project("{9A19103F-16F7-4668-BE54-9A1E7A4F7556}") = "uplift-me-web-api", "uplift-me-web-api.csproj", "{895D7D0C-8130-4B54-A363-31AB4F41D970}"
EndProject
Global
	GlobalSection(SolutionConfigurationPlatforms) = preSolution
		Debug|Any CPU = Debug|Any CPU
		Release|Any CPU = Release|Any CPU
	EndGlobalSection
	GlobalSection(ProjectConfigurationPlatforms) = postSolution
		{895D7D0C-8130-4B54-A363-31AB4F41D970}.Debug|Any CPU.ActiveCfg = Debug|Any CPU
		{895D7D0C-8130-4B54-A363-31AB4F41D970}.Debug|Any CPU.Build.0 = Debug|Any CPU
		{895D7D0C-8130-4B54-A363-31AB4F41D970}.Release|Any CPU.ActiveCfg = Release|Any CPU
		{895D7D0C-8130-4B54-A363-31AB4F41D970}.Release|Any CPU.Build.0 = Release|Any CPU
	EndGlobalSection
	GlobalSection(SolutionProperties) = preSolution
		HideSolutionNode = FALSE
	EndGlobalSection
	GlobalSection(ExtensibilityGlobals) = postSolution
		SolutionGuid = {BA7F2484-8634-477F-B1DA-5A353EAC0FFA}
	EndGlobalSection
EndGlobal
